Microsoft Visual Studio Solution File, Format Version 12.00
# Visual Studio Version 17
VisualStudioVersion = 17.5.2.0
MinimumVisualStudioVersion = 10.0.40219.1
Project("{2150E333-8FDC-42A3-9474-1A3956D46DE8}") = "CSS", "CSS", "{C0C6CE1A-8700-54A0-CDDF-2499D71AFB13}"
EndProject
Project("{FAE04EC0-301F-11D3-BF4B-00C04F79EFBC}") = "HRManagement", "CSS\HRManagement.csproj", "{81DA18CA-1B7C-EDE5-0262-71D549EE2B85}"
EndProject
Global
	GlobalSection(SolutionConfigurationPlatforms) = preSolution
		Debug|Any CPU = Debug|Any CPU
		Release|Any CPU = Release|Any CPU
	EndGlobalSection
	GlobalSection(ProjectConfigurationPlatforms) = postSolution
		{81DA18CA-1B7C-EDE5-0262-71D549EE2B85}.Debug|Any CPU.ActiveCfg = Debug|Any CPU
		{81DA18CA-1B7C-EDE5-0262-71D549EE2B85}.Debug|Any CPU.Build.0 = Debug|Any CPU
		{81DA18CA-1B7C-EDE5-0262-71D549EE2B85}.Release|Any CPU.ActiveCfg = Release|Any CPU
		{81DA18CA-1B7C-EDE5-0262-71D549EE2B85}.Release|Any CPU.Build.0 = Release|Any CPU
	EndGlobalSection
	GlobalSection(SolutionProperties) = preSolution
		HideSolutionNode = FALSE
	EndGlobalSection
	GlobalSection(NestedProjects) = preSolution
		{81DA18CA-1B7C-EDE5-0262-71D549EE2B85} = {C0C6CE1A-8700-54A0-CDDF-2499D71AFB13}
	EndGlobalSection
	GlobalSection(ExtensibilityGlobals) = postSolution
		SolutionGuid = {093F6C7F-64A8-423A-B961-D78C6B7AAED4}
	EndGlobalSection
EndGlobal
